PODS:
  - Charts (3.0.5):
    - Charts/Core (= 3.0.5)
  - Charts/Core (3.0.5)
  - JTAppleCalendar (7.1.5)

DEPENDENCIES:
  - Charts
  - JTAppleCalendar

SPEC CHECKSUMS:
  Charts: 45cdc985b764c838b35ee47eb1365d15735f6d1a
  JTAppleCalendar: 2d4f974f9f3c8b4964d51ca1f6e004883c031fbe

PODFILE CHECKSUM: 1b203e75395df0b2a68297ef99c104a0f1780d71

COCOAPODS: 1.3.1
